lockfileVersion: '6.0'

dependencies:
  '@ckeditor/ckeditor5-editor-classic':
    specifier: ^38.0.1
    version: 38.0.1
  '@ckeditor/ckeditor5-essentials':
    specifier: ^38.0.1
    version: 38.0.1
  '@ckeditor/ckeditor5-paragraph':
    specifier: ^38.0.1
    version: 38.0.1
  '@ckeditor/ckeditor5-theme-lark':
    specifier: ^38.0.1
    version: 38.0.1
  '@ckeditor/ckeditor5-vue':
    specifier: ^5.1.0
    version: 5.1.0
  '@ckeditor/vite-plugin-ckeditor5':
    specifier: ^0.1.1
    version: 0.1.1
  vue:
    specifier: ^3.2.47
    version: 3.2.47

devDependencies:
  '@types/node':
    specifier: ^20.2.3
    version: 20.2.3
  '@vitejs/plugin-vue':
    specifier: ^4.1.0
    version: 4.1.0(vite@4.3.2)(vue@3.2.47)
  typescript:
    specifier: ^5.0.2
    version: 5.0.2
  vite:
    specifier: ^4.3.2
    version: 4.3.2(@types/node@20.2.3)
  vue-tsc:
    specifier: ^1.4.2
    version: 1.4.2(typescript@5.0.2)

packages:

  /@babel/helper-string-parser@7.21.5:
    resolution: {integrity: sha512-5pTUx3hAJaZIdW99sJ6ZUUgWq/Y+Hja7TowEnLNMm1VivRgZQL3vpBY3qUACVsvw+yQU6+YgfBVmcbLaZtrA1w==}
    engines: {node: '>=6.9.0'}

  /@babel/helper-validator-identifier@7.19.1:
    resolution: {integrity: sha512-awrNfaMtnHUr653GgGEs++LlAvW6w+DcPrOliSMXWCKo597CwL5Acf/wWdNkf/tfEQE3mjkeD1YOVZOUV/od1w==}
    engines: {node: '>=6.9.0'}

  /@babel/parser@7.21.9:
    resolution: {integrity: sha512-q5PNg/Bi1OpGgx5jYlvWZwAorZepEudDMCLtj967aeS7WMont7dUZI46M2XwcIQqvUlMxWfdLFu4S/qSxeUu5g==}
    engines: {node: '>=6.0.0'}
    hasBin: true
    dependencies:
      '@babel/types': 7.21.5

  /@babel/types@7.21.5:
    resolution: {integrity: sha512-m4AfNvVF2mVC/F7fDEdH2El3HzUg9It/XsCxZiOTTA3m3qYfcSVSbTfM6Q9xG+hYDniZssYhlXKKUMD5m8tF4Q==}
    engines: {node: '>=6.9.0'}
    dependencies:
      '@babel/helper-string-parser': 7.21.5
      '@babel/helper-validator-identifier': 7.19.1
      to-fast-properties: 2.0.0

  /@ckeditor/ckeditor5-clipboard@38.0.1:
    resolution: {integrity: sha512-yAlif+UYoHH3gl/A1wNmXcMU98jJhmuLOSjVYWEIaVJQQbOtGesnDrDVXwST2KBZhyp/qBsblQnLyW4oqEJvug==}
    engines: {node: '>=16.0.0', npm: '>=5.7.1'}
    dependencies:
      '@ckeditor/ckeditor5-core': 38.0.1
      '@ckeditor/ckeditor5-engine': 38.0.1
      '@ckeditor/ckeditor5-ui': 38.0.1
      '@ckeditor/ckeditor5-utils': 38.0.1
      '@ckeditor/ckeditor5-widget': 38.0.1
      lodash-es: 4.17.21
    dev: false

  /@ckeditor/ckeditor5-core@38.0.1:
    resolution: {integrity: sha512-DL3dp5Rlb0aGGtyQuE8AEQ/a1rfnQghNjn6EdOJhGlzt61JeP3hovY11JQQJ0qh8ZWDt//ZU2c5XmVqJeED08w==}
    engines: {node: '>=16.0.0', npm: '>=5.7.1'}
    dependencies:
      '@ckeditor/ckeditor5-engine': 38.0.1
      '@ckeditor/ckeditor5-utils': 38.0.1
      lodash-es: 4.17.21
    dev: false

  /@ckeditor/ckeditor5-editor-classic@38.0.1:
    resolution: {integrity: sha512-jE1mKrFvW2Go8mlfp5Ei5Mk5CNCBVKUnbrO6nJJPZQBSVGGz9fAd1bu/OjS7KgE/B4JJd7cdc9i1+8KlGeeqjw==}
    engines: {node: '>=16.0.0', npm: '>=5.7.1'}
    dependencies:
      ckeditor5: 38.0.1
      lodash-es: 4.17.21
    dev: false

  /@ckeditor/ckeditor5-engine@38.0.1:
    resolution: {integrity: sha512-7gGcSv1TQ78G1dc0IAknGkWCou1xWbuSmZwT40bcLWnF+vz7hYY1i1Hj4Npp8SLVMkyisiYCdiSJrJrHjvXnyg==}
    engines: {node: '>=16.0.0', npm: '>=5.7.1'}
    dependencies:
      '@ckeditor/ckeditor5-utils': 38.0.1
      lodash-es: 4.17.21
    dev: false

  /@ckeditor/ckeditor5-enter@38.0.1:
    resolution: {integrity: sha512-RIrx2eoV9k1JpHrXp9QdCKP0k+9jr3wqgplhdTj5Ae5BNZdulD4nFi+9NKOr4t9dHprL2RqcolD7DJtOD8I2GQ==}
    engines: {node: '>=16.0.0', npm: '>=5.7.1'}
    dependencies:
      '@ckeditor/ckeditor5-core': 38.0.1
      '@ckeditor/ckeditor5-engine': 38.0.1
      '@ckeditor/ckeditor5-utils': 38.0.1
    dev: false

  /@ckeditor/ckeditor5-essentials@38.0.1:
    resolution: {integrity: sha512-V6DxWtC0CKVIK6BY4Dp6BqVf35pKJ0y2iNIUjStVosB0PaaIg8dHCHv+Y2DRgmM0EGYKih4zjzk7YVWuinHO9Q==}
    engines: {node: '>=16.0.0', npm: '>=5.7.1'}
    dependencies:
      ckeditor5: 38.0.1
    dev: false

  /@ckeditor/ckeditor5-paragraph@38.0.1:
    resolution: {integrity: sha512-LgI/NhWT8F8ntmzhGfhY/SP50jBMcm5IEGHslFceYhvPijOYldm+R+Ip2kjkJJDWR+PcgS3QRZLx60qMJLXxqA==}
    engines: {node: '>=16.0.0', npm: '>=5.7.1'}
    dependencies:
      '@ckeditor/ckeditor5-core': 38.0.1
      '@ckeditor/ckeditor5-ui': 38.0.1
      '@ckeditor/ckeditor5-utils': 38.0.1
    dev: false

  /@ckeditor/ckeditor5-select-all@38.0.1:
    resolution: {integrity: sha512-rFkeA27Poa3PzjpBP8f5hiQY0/81yzYDF2Zz6Zfah9yN103A6e+CXUBoo/BfBH6wBDFNJHG7/7sKL99AMJvmLQ==}
    engines: {node: '>=16.0.0', npm: '>=5.7.1'}
    dependencies:
      '@ckeditor/ckeditor5-core': 38.0.1
      '@ckeditor/ckeditor5-ui': 38.0.1
      '@ckeditor/ckeditor5-utils': 38.0.1
    dev: false

  /@ckeditor/ckeditor5-theme-lark@38.0.1:
    resolution: {integrity: sha512-mXL/6cIsTjShWbYKHGuY1YqllouFCfiDHVIaAZxJzgHjwJnDDiZtSvNQ/5XbM3KpPalkJYXoW2VNTvvQn6KuOg==}
    engines: {node: '>=16.0.0', npm: '>=5.7.1'}
    dependencies:
      '@ckeditor/ckeditor5-ui': 38.0.1
    dev: false

  /@ckeditor/ckeditor5-typing@38.0.1:
    resolution: {integrity: sha512-717JKThNYRkLxH4L/5AGDqexFc8L2rvkFMbflQSvGRhPpl5d40o+DAduTENkMN0WWuFTovAYDjEwMrjjbUKO7w==}
    engines: {node: '>=16.0.0', npm: '>=5.7.1'}
    dependencies:
      '@ckeditor/ckeditor5-core': 38.0.1
      '@ckeditor/ckeditor5-engine': 38.0.1
      '@ckeditor/ckeditor5-utils': 38.0.1
      lodash-es: 4.17.21
    dev: false

  /@ckeditor/ckeditor5-ui@38.0.1:
    resolution: {integrity: sha512-7ufB/DkIkkJDFAmSMVc5FgohxLs02+s2KAAlIoCopA+6nPTnJEQjIoHgFaqB28QTW6C9z5VSE21lpHwz+zb/fg==}
    engines: {node: '>=16.0.0', npm: '>=5.7.1'}
    dependencies:
      '@ckeditor/ckeditor5-core': 38.0.1
      '@ckeditor/ckeditor5-utils': 38.0.1
      color-convert: 2.0.1
      color-parse: 1.4.2
      lodash-es: 4.17.21
      vanilla-colorful: 0.7.2
    dev: false

  /@ckeditor/ckeditor5-undo@38.0.1:
    resolution: {integrity: sha512-nd6jlycoNYguJpiLEqc5wzFV6VE7y2Bieop9pn//ak0uiTHuup81sZH3aHCw2c/2Qq46O8k5eqoYgeB1Pm2+WQ==}
    engines: {node: '>=16.0.0', npm: '>=5.7.1'}
    dependencies:
      '@ckeditor/ckeditor5-core': 38.0.1
      '@ckeditor/ckeditor5-engine': 38.0.1
      '@ckeditor/ckeditor5-ui': 38.0.1
    dev: false

  /@ckeditor/ckeditor5-upload@38.0.1:
    resolution: {integrity: sha512-vwcs5DZcjDW3ynnCVMXjHWCpLBZ9r544tlo5Gbe287X253vMAse2DDJ9pD9KYqPv1k3QNGaKRa4CtjuKarpUWw==}
    engines: {node: '>=16.0.0', npm: '>=5.7.1'}
    dependencies:
      '@ckeditor/ckeditor5-core': 38.0.1
      '@ckeditor/ckeditor5-ui': 38.0.1
      '@ckeditor/ckeditor5-utils': 38.0.1
    dev: false

  /@ckeditor/ckeditor5-utils@38.0.1:
    resolution: {integrity: sha512-biJ7yBUSumPDPq14FvZFW4+lHD2LfcZLWgJ7KesoseSOo2BgXAznUGozndEgeHYlnevs9bJAjQOGlTd5bYOW0w==}
    engines: {node: '>=16.0.0', npm: '>=5.7.1'}
    dependencies:
      lodash-es: 4.17.21
    dev: false

  /@ckeditor/ckeditor5-vue@5.1.0:
    resolution: {integrity: sha512-KEx4Tj2Irr4ZbLG8LnaKpb0Dgd8qmLmKFWeiKkQwM3RAAeYRYOCcBVB2Y168I9KA8wRosPxgOO9jbQ92yopYHA==}
    engines: {node: '>=16.0.0', npm: '>=5.7.1'}
    requiresBuild: true
    dev: false

  /@ckeditor/ckeditor5-watchdog@38.0.1:
    resolution: {integrity: sha512-Q2QeUbDpoA4gIYpd0BicnP0k7ZxuY09x6+8AYNG45xI9NvcFhyyry/dw41AwFmqcZbU3NfPxV47vJzIQ2ZOqQg==}
    engines: {node: '>=16.0.0', npm: '>=5.7.1'}
    dependencies:
      lodash-es: 4.17.21
    dev: false

  /@ckeditor/ckeditor5-widget@38.0.1:
    resolution: {integrity: sha512-2XxSXzS9doFWGX7Lb5U5+sLr6tJQOUP17lGBC2PwaNPfZWTk73ibq3vUlboAJJB5Hv3JrIa971KH6rcFIdr1Hg==}
    engines: {node: '>=16.0.0', npm: '>=5.7.1'}
    dependencies:
      '@ckeditor/ckeditor5-core': 38.0.1
      '@ckeditor/ckeditor5-engine': 38.0.1
      '@ckeditor/ckeditor5-enter': 38.0.1
      '@ckeditor/ckeditor5-typing': 38.0.1
      '@ckeditor/ckeditor5-ui': 38.0.1
      '@ckeditor/ckeditor5-utils': 38.0.1
      lodash-es: 4.17.21
    dev: false

  /@ckeditor/vite-plugin-ckeditor5@0.1.1:
    resolution: {integrity: sha512-QCwah3HRCHXbQqywSdtrNX6zAlkyDxdNtPCrRRqIPZhTQauJ1Bu83JKQjEr4BuvIWIO+JhXVoj2qwLmWo4Jn7g==}
    engines: {node: ^14.18.0 || >= 16}
    requiresBuild: true
    dependencies:
      postcss: 8.4.23
      postcss-import: 14.1.0(postcss@8.4.23)
      postcss-mixins: 9.0.4(postcss@8.4.23)
      postcss-nesting: 10.2.0(postcss@8.4.23)
    dev: false

  /@csstools/selector-specificity@2.2.0(postcss-selector-parser@6.0.13):
    resolution: {integrity: sha512-+OJ9konv95ClSTOJCmMZqpd5+YGsB2S+x6w3E1oaM8UuR5j8nTNHYSz8c9BEPGDOCMQYIEEGlVPj/VY64iTbGw==}
    engines: {node: ^14 || ^16 || >=18}
    peerDependencies:
      postcss-selector-parser: ^6.0.10
    dependencies:
      postcss-selector-parser: 6.0.13
    dev: false

  /@esbuild/android-arm64@0.17.19:
    resolution: {integrity: sha512-KBMWvEZooR7+kzY0BtbTQn0OAYY7CsiydT63pVEaPtVYF0hXbUaOyZog37DKxK7NF3XacBJOpYT4adIJh+avxA==}
    engines: {node: '>=12'}
    cpu: [arm64]
    os: [android]
    requiresBuild: true
    dev: true
    optional: true

  /@esbuild/android-arm@0.17.19:
    resolution: {integrity: sha512-rIKddzqhmav7MSmoFCmDIb6e2W57geRsM94gV2l38fzhXMwq7hZoClug9USI2pFRGL06f4IOPHHpFNOkWieR8A==}
    engines: {node: '>=12'}
    cpu: [arm]
    os: [android]
    requiresBuild: true
    dev: true
    optional: true

  /@esbuild/android-x64@0.17.19:
    resolution: {integrity: sha512-uUTTc4xGNDT7YSArp/zbtmbhO0uEEK9/ETW29Wk1thYUJBz3IVnvgEiEwEa9IeLyvnpKrWK64Utw2bgUmDveww==}
    engines: {node: '>=12'}
    cpu: [x64]
    os: [android]
    requiresBuild: true
    dev: true
    optional: true

  /@esbuild/darwin-arm64@0.17.19:
    resolution: {integrity: sha512-80wEoCfF/hFKM6WE1FyBHc9SfUblloAWx6FJkFWTWiCoht9Mc0ARGEM47e67W9rI09YoUxJL68WHfDRYEAvOhg==}
    engines: {node: '>=12'}
    cpu: [arm64]
    os: [darwin]
    requiresBuild: true
    dev: true
    optional: true

  /@esbuild/darwin-x64@0.17.19:
    resolution: {integrity: sha512-IJM4JJsLhRYr9xdtLytPLSH9k/oxR3boaUIYiHkAawtwNOXKE8KoU8tMvryogdcT8AU+Bflmh81Xn6Q0vTZbQw==}
    engines: {node: '>=12'}
    cpu: [x64]
    os: [darwin]
    requiresBuild: true
    dev: true
    optional: true

  /@esbuild/freebsd-arm64@0.17.19:
    resolution: {integrity: sha512-pBwbc7DufluUeGdjSU5Si+P3SoMF5DQ/F/UmTSb8HXO80ZEAJmrykPyzo1IfNbAoaqw48YRpv8shwd1NoI0jcQ==}
    engines: {node: '>=12'}
    cpu: [arm64]
    os: [freebsd]
    requiresBuild: true
    dev: true
    optional: true

  /@esbuild/freebsd-x64@0.17.19:
    resolution: {integrity: sha512-4lu+n8Wk0XlajEhbEffdy2xy53dpR06SlzvhGByyg36qJw6Kpfk7cp45DR/62aPH9mtJRmIyrXAS5UWBrJT6TQ==}
    engines: {node: '>=12'}
    cpu: [x64]
    os: [freebsd]
    requiresBuild: true
    dev: true
    optional: true

  /@esbuild/linux-arm64@0.17.19:
    resolution: {integrity: sha512-ct1Tg3WGwd3P+oZYqic+YZF4snNl2bsnMKRkb3ozHmnM0dGWuxcPTTntAF6bOP0Sp4x0PjSF+4uHQ1xvxfRKqg==}
    engines: {node: '>=12'}
    cpu: [arm64]
    os: [linux]
    requiresBuild: true
    dev: true
    optional: true

  /@esbuild/linux-arm@0.17.19:
    resolution: {integrity: sha512-cdmT3KxjlOQ/gZ2cjfrQOtmhG4HJs6hhvm3mWSRDPtZ/lP5oe8FWceS10JaSJC13GBd4eH/haHnqf7hhGNLerA==}
    engines: {node: '>=12'}
    cpu: [arm]
    os: [linux]
    requiresBuild: true
    dev: true
    optional: true

  /@esbuild/linux-ia32@0.17.19:
    resolution: {integrity: sha512-w4IRhSy1VbsNxHRQpeGCHEmibqdTUx61Vc38APcsRbuVgK0OPEnQ0YD39Brymn96mOx48Y2laBQGqgZ0j9w6SQ==}
    engines: {node: '>=12'}
    cpu: [ia32]
    os: [linux]
    requiresBuild: true
    dev: true
    optional: true

  /@esbuild/linux-loong64@0.17.19:
    resolution: {integrity: sha512-2iAngUbBPMq439a+z//gE+9WBldoMp1s5GWsUSgqHLzLJ9WoZLZhpwWuym0u0u/4XmZ3gpHmzV84PonE+9IIdQ==}
    engines: {node: '>=12'}
    cpu: [loong64]
    os: [linux]
    requiresBuild: true
    dev: true
    optional: true

  /@esbuild/linux-mips64el@0.17.19:
    resolution: {integrity: sha512-LKJltc4LVdMKHsrFe4MGNPp0hqDFA1Wpt3jE1gEyM3nKUvOiO//9PheZZHfYRfYl6AwdTH4aTcXSqBerX0ml4A==}
    engines: {node: '>=12'}
    cpu: [mips64el]
    os: [linux]
    requiresBuild: true
    dev: true
    optional: true

  /@esbuild/linux-ppc64@0.17.19:
    resolution: {integrity: sha512-/c/DGybs95WXNS8y3Ti/ytqETiW7EU44MEKuCAcpPto3YjQbyK3IQVKfF6nbghD7EcLUGl0NbiL5Rt5DMhn5tg==}
    engines: {node: '>=12'}
    cpu: [ppc64]
    os: [linux]
    requiresBuild: true
    dev: true
    optional: true

  /@esbuild/linux-riscv64@0.17.19:
    resolution: {integrity: sha512-FC3nUAWhvFoutlhAkgHf8f5HwFWUL6bYdvLc/TTuxKlvLi3+pPzdZiFKSWz/PF30TB1K19SuCxDTI5KcqASJqA==}
    engines: {node: '>=12'}
    cpu: [riscv64]
    os: [linux]
    requiresBuild: true
    dev: true
    optional: true

  /@esbuild/linux-s390x@0.17.19:
    resolution: {integrity: sha512-IbFsFbxMWLuKEbH+7sTkKzL6NJmG2vRyy6K7JJo55w+8xDk7RElYn6xvXtDW8HCfoKBFK69f3pgBJSUSQPr+4Q==}
    engines: {node: '>=12'}
    cpu: [s390x]
    os: [linux]
    requiresBuild: true
    dev: true
    optional: true

  /@esbuild/linux-x64@0.17.19:
    resolution: {integrity: sha512-68ngA9lg2H6zkZcyp22tsVt38mlhWde8l3eJLWkyLrp4HwMUr3c1s/M2t7+kHIhvMjglIBrFpncX1SzMckomGw==}
    engines: {node: '>=12'}
    cpu: [x64]
    os: [linux]
    requiresBuild: true
    dev: true
    optional: true

  /@esbuild/netbsd-x64@0.17.19:
    resolution: {integrity: sha512-CwFq42rXCR8TYIjIfpXCbRX0rp1jo6cPIUPSaWwzbVI4aOfX96OXY8M6KNmtPcg7QjYeDmN+DD0Wp3LaBOLf4Q==}
    engines: {node: '>=12'}
    cpu: [x64]
    os: [netbsd]
    requiresBuild: true
    dev: true
    optional: true

  /@esbuild/openbsd-x64@0.17.19:
    resolution: {integrity: sha512-cnq5brJYrSZ2CF6c35eCmviIN3k3RczmHz8eYaVlNasVqsNY+JKohZU5MKmaOI+KkllCdzOKKdPs762VCPC20g==}
    engines: {node: '>=12'}
    cpu: [x64]
    os: [openbsd]
    requiresBuild: true
    dev: true
    optional: true

  /@esbuild/sunos-x64@0.17.19:
    resolution: {integrity: sha512-vCRT7yP3zX+bKWFeP/zdS6SqdWB8OIpaRq/mbXQxTGHnIxspRtigpkUcDMlSCOejlHowLqII7K2JKevwyRP2rg==}
    engines: {node: '>=12'}
    cpu: [x64]
    os: [sunos]
    requiresBuild: true
    dev: true
    optional: true

  /@esbuild/win32-arm64@0.17.19:
    resolution: {integrity: sha512-yYx+8jwowUstVdorcMdNlzklLYhPxjniHWFKgRqH7IFlUEa0Umu3KuYplf1HUZZ422e3NU9F4LGb+4O0Kdcaag==}
    engines: {node: '>=12'}
    cpu: [arm64]
    os: [win32]
    requiresBuild: true
    dev: true
    optional: true

  /@esbuild/win32-ia32@0.17.19:
    resolution: {integrity: sha512-eggDKanJszUtCdlVs0RB+h35wNlb5v4TWEkq4vZcmVt5u/HiDZrTXe2bWFQUez3RgNHwx/x4sk5++4NSSicKkw==}
    engines: {node: '>=12'}
    cpu: [ia32]
    os: [win32]
    requiresBuild: true
    dev: true
    optional: true

  /@esbuild/win32-x64@0.17.19:
    resolution: {integrity: sha512-lAhycmKnVOuRYNtRtatQR1LPQf2oYCkRGkSFnseDAKPl8lu5SOsK/e1sXe5a0Pc5kHIHe6P2I/ilntNv2xf3cA==}
    engines: {node: '>=12'}
    cpu: [x64]
    os: [win32]
    requiresBuild: true
    dev: true
    optional: true

  /@jridgewell/sourcemap-codec@1.4.15:
    resolution: {integrity: sha512-eF2rxCRulEKXHTRiDrDy6erMYWqNw4LPdQ8UQA4huuxaQsVeRPFl2oM8oDGxMFhJUWZf9McpLtJasDDZb/Bpeg==}
    dev: true

  /@nodelib/fs.scandir@2.1.5:
    resolution: {integrity: sha512-vq24Bq3ym5HEQm2NKCr3yXDwjc7vTsEThRDnkp2DK9p1uqLR+DHurm/NOTo0KG7HYHU7eppKZj3MyqYuMBf62g==}
    engines: {node: '>= 8'}
    dependencies:
      '@nodelib/fs.stat': 2.0.5
      run-parallel: 1.2.0
    dev: false

  /@nodelib/fs.stat@2.0.5:
    resolution: {integrity: sha512-RkhPPp2zrqDAQA/2jNhnztcPAlv64XdhIp7a7454A5ovI7Bukxgt7MX7udwAu3zg1DcpPU0rz3VV1SeaqvY4+A==}
    engines: {node: '>= 8'}
    dev: false

  /@nodelib/fs.walk@1.2.8:
    resolution: {integrity: sha512-oGB+UxlgWcgQkgwo8GcEGwemoTFt3FIO9ababBmaGwXIoBKZ+GTy0pP185beGg7Llih/NSHSV2XAs1lnznocSg==}
    engines: {node: '>= 8'}
    dependencies:
      '@nodelib/fs.scandir': 2.1.5
      fastq: 1.15.0
    dev: false

  /@types/node@20.2.3:
    resolution: {integrity: sha512-pg9d0yC4rVNWQzX8U7xb4olIOFuuVL9za3bzMT2pu2SU0SNEi66i2qrvhE2qt0HvkhuCaWJu7pLNOt/Pj8BIrw==}
    dev: true

  /@vitejs/plugin-vue@4.1.0(vite@4.3.2)(vue@3.2.47):
    resolution: {integrity: sha512-++9JOAFdcXI3lyer9UKUV4rfoQ3T1RN8yDqoCLar86s0xQct5yblxAE+yWgRnU5/0FOlVCpTZpYSBV/bGWrSrQ==}
    engines: {node: ^14.18.0 || >=16.0.0}
    peerDependencies:
      vite: ^4.0.0
      vue: ^3.2.25
    dependencies:
      vite: 4.3.2(@types/node@20.2.3)
      vue: 3.2.47
    dev: true

  /@volar/language-core@1.4.0:
    resolution: {integrity: sha512-zZg771L/v4MCPwM1KJxvnQ3q3QgbGJtEytivqf+PsxPr0kQ7XtwB1J30dd+YSGN869pXXZ0V6vWdHkDpWC8F3A==}
    dependencies:
      '@volar/source-map': 1.4.0
    dev: true

  /@volar/source-map@1.4.0:
    resolution: {integrity: sha512-gkV8ol9qtP7aMdgijc8a5Yoxxoo90TT55YCi9bsMbKxEUDsOAnlciFNlijR9Ebe42d67GV3w15/RzjveTRNGBw==}
    dependencies:
      muggle-string: 0.2.2
    dev: true

  /@volar/typescript@1.4.0(typescript@5.0.2):
    resolution: {integrity: sha512-r6OMHj/LeS86iQy3LEjjS+qpmHr9I7BiH8gAwp9WEJP76FHlMPi/EPDQxhf3VcMQ/w6Pi5aBczqI+I3akr9t4g==}
    peerDependencies:
      typescript: '*'
    dependencies:
      '@volar/language-core': 1.4.0
      typescript: 5.0.2
    dev: true

  /@volar/vue-language-core@1.4.2:
    resolution: {integrity: sha512-bDdFowfnyHI7udELEgUWukOh4l9jVTaxb9jZtj0GxUp0Mjj0u81d9+jE2UC3fFJpbndQLGFR6F+ffguHgmrj6Q==}
    dependencies:
      '@volar/language-core': 1.4.0
      '@volar/source-map': 1.4.0
      '@vue/compiler-dom': 3.3.4
      '@vue/compiler-sfc': 3.3.4
      '@vue/reactivity': 3.3.4
      '@vue/shared': 3.3.4
      minimatch: 9.0.1
      muggle-string: 0.2.2
      vue-template-compiler: 2.7.14
    dev: true

  /@volar/vue-typescript@1.4.2(typescript@5.0.2):
    resolution: {integrity: sha512-A1m1cSvS0Pf7Sm9q0S/1riV4RQQeH2h5gGo0vR9fGK2SrAStvh4HuuxPOX4N9uMDbRsNMhC0ILXwtlvjQ/IXJA==}
    dependencies:
      '@volar/typescript': 1.4.0(typescript@5.0.2)
      '@volar/vue-language-core': 1.4.2
    transitivePeerDependencies:
      - typescript
    dev: true

  /@vue/compiler-core@3.2.47:
    resolution: {integrity: sha512-p4D7FDnQb7+YJmO2iPEv0SQNeNzcbHdGByJDsT4lynf63AFkOTFN07HsiRSvjGo0QrxR/o3d0hUyNCUnBU2Tig==}
    dependencies:
      '@babel/parser': 7.21.9
      '@vue/shared': 3.2.47
      estree-walker: 2.0.2
      source-map: 0.6.1

  /@vue/compiler-core@3.3.4:
    resolution: {integrity: sha512-cquyDNvZ6jTbf/+x+AgM2Arrp6G4Dzbb0R64jiG804HRMfRiFXWI6kqUVqZ6ZR0bQhIoQjB4+2bhNtVwndW15g==}
    dependencies:
      '@babel/parser': 7.21.9
      '@vue/shared': 3.3.4
      estree-walker: 2.0.2
      source-map-js: 1.0.2
    dev: true

  /@vue/compiler-dom@3.2.47:
    resolution: {integrity: sha512-dBBnEHEPoftUiS03a4ggEig74J2YBZ2UIeyfpcRM2tavgMWo4bsEfgCGsu+uJIL/vax9S+JztH8NmQerUo7shQ==}
    dependencies:
      '@vue/compiler-core': 3.2.47
      '@vue/shared': 3.2.47

  /@vue/compiler-dom@3.3.4:
    resolution: {integrity: sha512-wyM+OjOVpuUukIq6p5+nwHYtj9cFroz9cwkfmP9O1nzH68BenTTv0u7/ndggT8cIQlnBeOo6sUT/gvHcIkLA5w==}
    dependencies:
      '@vue/compiler-core': 3.3.4
      '@vue/shared': 3.3.4
    dev: true

  /@vue/compiler-sfc@3.2.47:
    resolution: {integrity: sha512-rog05W+2IFfxjMcFw10tM9+f7i/+FFpZJJ5XHX72NP9eC2uRD+42M3pYcQqDXVYoj74kHMSEdQ/WmCjt8JFksQ==}
    dependencies:
      '@babel/parser': 7.21.9
      '@vue/compiler-core': 3.2.47
      '@vue/compiler-dom': 3.2.47
      '@vue/compiler-ssr': 3.2.47
      '@vue/reactivity-transform': 3.2.47
      '@vue/shared': 3.2.47
      estree-walker: 2.0.2
      magic-string: 0.25.9
      postcss: 8.4.23
      source-map: 0.6.1

  /@vue/compiler-sfc@3.3.4:
    resolution: {integrity: sha512-6y/d8uw+5TkCuzBkgLS0v3lSM3hJDntFEiUORM11pQ/hKvkhSKZrXW6i69UyXlJQisJxuUEJKAWEqWbWsLeNKQ==}
    dependencies:
      '@babel/parser': 7.21.9
      '@vue/compiler-core': 3.3.4
      '@vue/compiler-dom': 3.3.4
      '@vue/compiler-ssr': 3.3.4
      '@vue/reactivity-transform': 3.3.4
      '@vue/shared': 3.3.4
      estree-walker: 2.0.2
      magic-string: 0.30.0
      postcss: 8.4.23
      source-map-js: 1.0.2
    dev: true

  /@vue/compiler-ssr@3.2.47:
    resolution: {integrity: sha512-wVXC+gszhulcMD8wpxMsqSOpvDZ6xKXSVWkf50Guf/S+28hTAXPDYRTbLQ3EDkOP5Xz/+SY37YiwDquKbJOgZw==}
    dependencies:
      '@vue/compiler-dom': 3.2.47
      '@vue/shared': 3.2.47

  /@vue/compiler-ssr@3.3.4:
    resolution: {integrity: sha512-m0v6oKpup2nMSehwA6Uuu+j+wEwcy7QmwMkVNVfrV9P2qE5KshC6RwOCq8fjGS/Eak/uNb8AaWekfiXxbBB6gQ==}
    dependencies:
      '@vue/compiler-dom': 3.3.4
      '@vue/shared': 3.3.4
    dev: true

  /@vue/reactivity-transform@3.2.47:
    resolution: {integrity: sha512-m8lGXw8rdnPVVIdIFhf0LeQ/ixyHkH5plYuS83yop5n7ggVJU+z5v0zecwEnX7fa7HNLBhh2qngJJkxpwEEmYA==}
    dependencies:
      '@babel/parser': 7.21.9
      '@vue/compiler-core': 3.2.47
      '@vue/shared': 3.2.47
      estree-walker: 2.0.2
      magic-string: 0.25.9

  /@vue/reactivity-transform@3.3.4:
    resolution: {integrity: sha512-MXgwjako4nu5WFLAjpBnCj/ieqcjE2aJBINUNQzkZQfzIZA4xn+0fV1tIYBJvvva3N3OvKGofRLvQIwEQPpaXw==}
    dependencies:
      '@babel/parser': 7.21.9
      '@vue/compiler-core': 3.3.4
      '@vue/shared': 3.3.4
      estree-walker: 2.0.2
      magic-string: 0.30.0
    dev: true

  /@vue/reactivity@3.2.47:
    resolution: {integrity: sha512-7khqQ/75oyyg+N/e+iwV6lpy1f5wq759NdlS1fpAhFXa8VeAIKGgk2E/C4VF59lx5b+Ezs5fpp/5WsRYXQiKxQ==}
    dependencies:
      '@vue/shared': 3.2.47

  /@vue/reactivity@3.3.4:
    resolution: {integrity: sha512-kLTDLwd0B1jG08NBF3R5rqULtv/f8x3rOFByTDz4J53ttIQEDmALqKqXY0J+XQeN0aV2FBxY8nJDf88yvOPAqQ==}
    dependencies:
      '@vue/shared': 3.3.4
    dev: true

  /@vue/runtime-core@3.2.47:
    resolution: {integrity: sha512-RZxbLQIRB/K0ev0K9FXhNbBzT32H9iRtYbaXb0ZIz2usLms/D55dJR2t6cIEUn6vyhS3ALNvNthI+Q95C+NOpA==}
    dependencies:
      '@vue/reactivity': 3.2.47
      '@vue/shared': 3.2.47

  /@vue/runtime-dom@3.2.47:
    resolution: {integrity: sha512-ArXrFTjS6TsDei4qwNvgrdmHtD930KgSKGhS5M+j8QxXrDJYLqYw4RRcDy1bz1m1wMmb6j+zGLifdVHtkXA7gA==}
    dependencies:
      '@vue/runtime-core': 3.2.47
      '@vue/shared': 3.2.47
      csstype: 2.6.21

  /@vue/server-renderer@3.2.47(vue@3.2.47):
    resolution: {integrity: sha512-dN9gc1i8EvmP9RCzvneONXsKfBRgqFeFZLurmHOveL7oH6HiFXJw5OGu294n1nHc/HMgTy6LulU/tv5/A7f/LA==}
    peerDependencies:
      vue: 3.2.47
    dependencies:
      '@vue/compiler-ssr': 3.2.47
      '@vue/shared': 3.2.47
      vue: 3.2.47

  /@vue/shared@3.2.47:
    resolution: {integrity: sha512-BHGyyGN3Q97EZx0taMQ+OLNuZcW3d37ZEVmEAyeoA9ERdGvm9Irc/0Fua8SNyOtV1w6BS4q25wbMzJujO9HIfQ==}

  /@vue/shared@3.3.4:
    resolution: {integrity: sha512-7OjdcV8vQ74eiz1TZLzZP4JwqM5fA94K6yntPS5Z25r9HDuGNzaGdgvwKYq6S+MxwF0TFRwe50fIR/MYnakdkQ==}
    dev: true

  /balanced-match@1.0.2:
    resolution: {integrity: sha512-3oSeUO0TMV67hN1AmbXsK4yaqU7tjiHlbxRDZOpH0KW9+CeX4bRAaX0Anxt0tx2MrpRpWwQaPwIlISEJhYU5Pw==}
    dev: true

  /brace-expansion@2.0.1:
    resolution: {integrity: sha512-XnAIvQ8eM+kC6aULx6wuQiwVsnzsi9d3WxzV3FpWTGA19F621kwdbsAcFKXgKUHZWsy+mY6iL1sHTxWEFCytDA==}
    dependencies:
      balanced-match: 1.0.2
    dev: true

  /braces@3.0.2:
    resolution: {integrity: sha512-b8um+L1RzM3WDSzvhm6gIz1yfTbBt6YTlcEKAvsmqCZZFw46z626lVj9j1yEPW33H5H+lBQpZMP1k8l+78Ha0A==}
    engines: {node: '>=8'}
    dependencies:
      fill-range: 7.0.1
    dev: false

  /camelcase-css@2.0.1:
    resolution: {integrity: sha512-QOSvevhslijgYwRx6Rv7zKdMF8lbRmx+uQGx2+vDc+KI/eBnsy9kit5aj23AgGu3pa4t9AgwbnXWqS+iOY+2aA==}
    engines: {node: '>= 6'}
    dev: false

  /ckeditor5@38.0.1:
    resolution: {integrity: sha512-r1axtjYlQZxcyWyF9vbiPiZYZSYBd40ITlo6gC7L5bOLSlFNreEif7b7IRKg4e5aGn4c1FopTk7WoLsZ/CnSoA==}
    engines: {node: '>=16.0.0', npm: '>=5.7.1'}
    dependencies:
      '@ckeditor/ckeditor5-clipboard': 38.0.1
      '@ckeditor/ckeditor5-core': 38.0.1
      '@ckeditor/ckeditor5-engine': 38.0.1
      '@ckeditor/ckeditor5-enter': 38.0.1
      '@ckeditor/ckeditor5-paragraph': 38.0.1
      '@ckeditor/ckeditor5-select-all': 38.0.1
      '@ckeditor/ckeditor5-typing': 38.0.1
      '@ckeditor/ckeditor5-ui': 38.0.1
      '@ckeditor/ckeditor5-undo': 38.0.1
      '@ckeditor/ckeditor5-upload': 38.0.1
      '@ckeditor/ckeditor5-utils': 38.0.1
      '@ckeditor/ckeditor5-watchdog': 38.0.1
      '@ckeditor/ckeditor5-widget': 38.0.1
    dev: false

  /color-convert@2.0.1:
    resolution: {integrity: sha512-RRECPsj7iu/xb5oKYcsFHSppFNnsj/52OVTRKb4zP5onXwVF3zVmmToNcOfGC+CRDpfK/U584fMg38ZHCaElKQ==}
    engines: {node: '>=7.0.0'}
    dependencies:
      color-name: 1.1.4
    dev: false

  /color-name@1.1.4:
    resolution: {integrity: sha512-dOy+3AuW3a2wNbZHIuMZpTcgjGuLU/uBL/ubcZF9OXbDo8ff4O8yVp5Bf0efS8uEoYo5q4Fx7dY9OgQGXgAsQA==}
    dev: false

  /color-parse@1.4.2:
    resolution: {integrity: sha512-RI7s49/8yqDj3fECFZjUI1Yi0z/Gq1py43oNJivAIIDSyJiOZLfYCRQEgn8HEVAj++PcRe8AnL2XF0fRJ3BTnA==}
    dependencies:
      color-name: 1.1.4
    dev: false

  /cssesc@3.0.0:
    resolution: {integrity: sha512-/Tb/JcjK111nNScGob5MNtsntNM1aCNUDipB/TkwZFhyDrrE47SOx/18wF2bbjgc3ZzCSKW1T5nt5EbFoAz/Vg==}
    engines: {node: '>=4'}
    hasBin: true
    dev: false

  /csstype@2.6.21:
    resolution: {integrity: sha512-Z1PhmomIfypOpoMjRQB70jfvy/wxT50qW08YXO5lMIJkrdq4yOTR+AW7FqutScmB9NkLwxo+jU+kZLbofZZq/w==}

  /de-indent@1.0.2:
    resolution: {integrity: sha512-e/1zu3xH5MQryN2zdVaF0OrdNLUbvWxzMbi+iNA6Bky7l1RoP8a2fIbRocyHclXt/arDrrR6lL3TqFD9pMQTsg==}
    dev: true

  /esbuild@0.17.19:
    resolution: {integrity: sha512-XQ0jAPFkK/u3LcVRcvVHQcTIqD6E2H1fvZMA5dQPSOWb3suUbWbfbRf94pjc0bNzRYLfIrDRQXr7X+LHIm5oHw==}
    engines: {node: '>=12'}
    hasBin: true
    requiresBuild: true
    optionalDependencies:
      '@esbuild/android-arm': 0.17.19
      '@esbuild/android-arm64': 0.17.19
      '@esbuild/android-x64': 0.17.19
      '@esbuild/darwin-arm64': 0.17.19
      '@esbuild/darwin-x64': 0.17.19
      '@esbuild/freebsd-arm64': 0.17.19
      '@esbuild/freebsd-x64': 0.17.19
      '@esbuild/linux-arm': 0.17.19
      '@esbuild/linux-arm64': 0.17.19
      '@esbuild/linux-ia32': 0.17.19
      '@esbuild/linux-loong64': 0.17.19
      '@esbuild/linux-mips64el': 0.17.19
      '@esbuild/linux-ppc64': 0.17.19
      '@esbuild/linux-riscv64': 0.17.19
      '@esbuild/linux-s390x': 0.17.19
      '@esbuild/linux-x64': 0.17.19
      '@esbuild/netbsd-x64': 0.17.19
      '@esbuild/openbsd-x64': 0.17.19
      '@esbuild/sunos-x64': 0.17.19
      '@esbuild/win32-arm64': 0.17.19
      '@esbuild/win32-ia32': 0.17.19
      '@esbuild/win32-x64': 0.17.19
    dev: true

  /estree-walker@2.0.2:
    resolution: {integrity: sha512-Rfkk/Mp/DL7JVje3u18FxFujQlTNR2q6QfMSMB7AvCBx91NGj/ba3kCfza0f6dVDbw7YlRf/nDrn7pQrCCyQ/w==}

  /fast-glob@3.2.12:
    resolution: {integrity: sha512-DVj4CQIYYow0BlaelwK1pHl5n5cRSJfM60UA0zK891sVInoPri2Ekj7+e1CT3/3qxXenpI+nBBmQAcJPJgaj4w==}
    engines: {node: '>=8.6.0'}
    dependencies:
      '@nodelib/fs.stat': 2.0.5
      '@nodelib/fs.walk': 1.2.8
      glob-parent: 5.1.2
      merge2: 1.4.1
      micromatch: 4.0.5
    dev: false

  /fastq@1.15.0:
    resolution: {integrity: sha512-wBrocU2LCXXa+lWBt8RoIRD89Fi8OdABODa/kEnyeyjS5aZO5/GNvI5sEINADqP/h8M29UHTHUb53sUu5Ihqdw==}
    dependencies:
      reusify: 1.0.4
    dev: false

  /fill-range@7.0.1:
    resolution: {integrity: sha512-qOo9F+dMUmC2Lcb4BbVvnKJxTPjCm+RRpe4gDuGrzkL7mEVl/djYSu2OdQ2Pa302N4oqkSg9ir6jaLWJ2USVpQ==}
    engines: {node: '>=8'}
    dependencies:
      to-regex-range: 5.0.1
    dev: false

  /fsevents@2.3.2:
    resolution: {integrity: sha512-xiqMQR4xAeHTuB9uWm+fFRcIOgKBMiOBP+eXiyT7jsgVCq1bkVygt00oASowB7EdtpOHaaPgKt812P9ab+DDKA==}
    engines: {node: ^8.16.0 || ^10.6.0 || >=11.0.0}
    os: [darwin]
    requiresBuild: true
    dev: true
    optional: true

  /function-bind@1.1.1:
    resolution: {integrity: sha512-yIovAzMX49sF8Yl58fSCWJ5svSLuaibPxXQJFLmBObTuCr0Mf1KiPopGM9NiFjiYBCbfaa2Fh6breQ6ANVTI0A==}
    dev: false

  /glob-parent@5.1.2:
    resolution: {integrity: sha512-AOIgSQCepiJYwP3ARnGx+5VnTu2HBYdzbGP45eLw1vr3zB3vZLeyed1sC9hnbcOc9/SrMyM5RPQrkGz4aS9Zow==}
    engines: {node: '>= 6'}
    dependencies:
      is-glob: 4.0.3
    dev: false

  /has@1.0.3:
    resolution: {integrity: sha512-f2dvO0VU6Oej7RkWJGrehjbzMAjFp5/VKPp5tTpWIV4JHHZK1/BxbFRtf/siA2SWTe09caDmVtYYzWEIbBS4zw==}
    engines: {node: '>= 0.4.0'}
    dependencies:
      function-bind: 1.1.1
    dev: false

  /he@1.2.0:
    resolution: {integrity: sha512-F/1DnUGPopORZi0ni+CvrCgHQ5FyEAHRLSApuYWMmrbSwoN2Mn/7k+Gl38gJnR7yyDZk6WLXwiGod1JOWNDKGw==}
    hasBin: true
    dev: true

  /is-core-module@2.12.1:
    resolution: {integrity: sha512-Q4ZuBAe2FUsKtyQJoQHlvP8OvBERxO3jEmy1I7hcRXcJBGGHFh/aJBswbXuS9sgrDH2QUO8ilkwNPHvHMd8clg==}
    dependencies:
      has: 1.0.3
    dev: false

  /is-extglob@2.1.1:
    resolution: {integrity: sha512-SbKbANkN603Vi4jEZv49LeVJMn4yGwsbzZworEoyEiutsN3nJYdbO36zfhGJ6QEDpOZIFkDtnq5JRxmvl3jsoQ==}
    engines: {node: '>=0.10.0'}
    dev: false

  /is-glob@4.0.3:
    resolution: {integrity: sha512-xelSayHH36ZgE7ZWhli7pW34hNbNl8Ojv5KVmkJD4hBdD3th8Tfk9vYasLM+mXWOZhFkgZfxhLSnrwRr4elSSg==}
    engines: {node: '>=0.10.0'}
    dependencies:
      is-extglob: 2.1.1
    dev: false

  /is-number@7.0.0:
    resolution: {integrity: sha512-41Cifkg6e8TylSpdtTpeLVMqvSBEVzTttHvERD741+pnZ8ANv0004MRL43QKPDlK9cGvNp6NZWZUBlbGXYxxng==}
    engines: {node: '>=0.12.0'}
    dev: false

  /lodash-es@4.17.21:
    resolution: {integrity: sha512-mKnC+QJ9pWVzv+C4/U3rRsHapFfHvQFoFB92e52xeyGMcX6/OlIl78je1u8vePzYZSkkogMPJ2yjxxsb89cxyw==}
    dev: false

  /lru-cache@6.0.0:
    resolution: {integrity: sha512-Jo6dJ04CmSjuznwJSS3pUeWmd/H0ffTlkXXgwZi+eq1UCmqQwCh+eLsYOYCwY991i2Fah4h1BEMCx4qThGbsiA==}
    engines: {node: '>=10'}
    dependencies:
      yallist: 4.0.0
    dev: true

  /magic-string@0.25.9:
    resolution: {integrity: sha512-RmF0AsMzgt25qzqqLc1+MbHmhdx0ojF2Fvs4XnOqz2ZOBXzzkEwc/dJQZCYHAn7v1jbVOjAZfK8msRn4BxO4VQ==}
    dependencies:
      sourcemap-codec: 1.4.8

  /magic-string@0.30.0:
    resolution: {integrity: sha512-LA+31JYDJLs82r2ScLrlz1GjSgu66ZV518eyWT+S8VhyQn/JL0u9MeBOvQMGYiPk1DBiSN9DDMOcXvigJZaViQ==}
    engines: {node: '>=12'}
    dependencies:
      '@jridgewell/sourcemap-codec': 1.4.15
    dev: true

  /merge2@1.4.1:
    resolution: {integrity: sha512-8q7VEgMJW4J8tcfVPy8g09NcQwZdbwFEqhe/WZkoIzjn/3TGDwtOCYtXGxA3O8tPzpczCCDgv+P2P5y00ZJOOg==}
    engines: {node: '>= 8'}
    dev: false

  /micromatch@4.0.5:
    resolution: {integrity: sha512-DMy+ERcEW2q8Z2Po+WNXuw3c5YaUSFjAO5GsJqfEl7UjvtIuFKO6ZrKvcItdy98dwFI2N1tg3zNIdKaQT+aNdA==}
    engines: {node: '>=8.6'}
    dependencies:
      braces: 3.0.2
      picomatch: 2.3.1
    dev: false

  /minimatch@9.0.1:
    resolution: {integrity: sha512-0jWhJpD/MdhPXwPuiRkCbfYfSKp2qnn2eOc279qI7f+osl/l+prKSrvhg157zSYvx/1nmgn2NqdT6k2Z7zSH9w==}
    engines: {node: '>=16 || 14 >=14.17'}
    dependencies:
      brace-expansion: 2.0.1
    dev: true

  /muggle-string@0.2.2:
    resolution: {integrity: sha512-YVE1mIJ4VpUMqZObFndk9CJu6DBJR/GB13p3tXuNbwD4XExaI5EOuRl6BHeIDxIqXZVxSfAC+y6U1Z/IxCfKUg==}
    dev: true

  /nanoid@3.3.6:
    resolution: {integrity: sha512-BGcqMMJuToF7i1rt+2PWSNVnWIkGCU78jBG3RxO/bZlnZPK2Cmi2QaffxGO/2RvWi9sL+FAiRiXMgsyxQ1DIDA==}
    engines: {node: ^10 || ^12 || ^13.7 || ^14 || >=15.0.1}
    hasBin: true

  /path-parse@1.0.7:
    resolution: {integrity: sha512-LDJzPVEEEPR+y48z93A0Ed0yXb8pAByGWo/k5YYdYgpY2/2EsOsksJrq7lOHxryrVOn1ejG6oAp8ahvOIQD8sw==}
    dev: false

  /picocolors@1.0.0:
    resolution: {integrity: sha512-1fygroTLlHu66zi26VoTDv8yRgm0Fccecssto+MhsZ0D/DGW2sm8E8AjW7NU5VVTRt5GxbeZ5qBuJr+HyLYkjQ==}

  /picomatch@2.3.1:
    resolution: {integrity: sha512-JU3teHTNjmE2VCGFzuY8EXzCDVwEqB2a8fsIvwaStHhAWJEeVd1o1QD80CU6+ZdEXXSLbSsuLwJjkCBWqRQUVA==}
    engines: {node: '>=8.6'}
    dev: false

  /pify@2.3.0:
    resolution: {integrity: sha512-udgsAY+fTnvv7kI7aaxbqwWNb0AHiB0qBO89PZKPkoTmGOgdbrHDKD+0B2X4uTfJ/FT1R09r9gTsjUjNJotuog==}
    engines: {node: '>=0.10.0'}
    dev: false

  /postcss-import@14.1.0(postcss@8.4.23):
    resolution: {integrity: sha512-flwI+Vgm4SElObFVPpTIT7SU7R3qk2L7PyduMcokiaVKuWv9d/U+Gm/QAd8NDLuykTWTkcrjOeD2Pp1rMeBTGw==}
    engines: {node: '>=10.0.0'}
    peerDependencies:
      postcss: ^8.0.0
    dependencies:
      postcss: 8.4.23
      postcss-value-parser: 4.2.0
      read-cache: 1.0.0
      resolve: 1.22.2
    dev: false

  /postcss-js@4.0.1(postcss@8.4.23):
    resolution: {integrity: sha512-dDLF8pEO191hJMtlHFPRa8xsizHaM82MLfNkUHdUtVEV3tgTp5oj+8qbEqYM57SLfc74KSbw//4SeJma2LRVIw==}
    engines: {node: ^12 || ^14 || >= 16}
    peerDependencies:
      postcss: ^8.4.21
    dependencies:
      camelcase-css: 2.0.1
      postcss: 8.4.23
    dev: false

  /postcss-mixins@9.0.4(postcss@8.4.23):
    resolution: {integrity: sha512-XVq5jwQJDRu5M1XGkdpgASqLk37OqkH4JCFDXl/Dn7janOJjCTEKL+36cnRVy7bMtoBzALfO7bV7nTIsFnUWLA==}
    engines: {node: '>=14.0'}
    peerDependencies:
      postcss: ^8.2.14
    dependencies:
      fast-glob: 3.2.12
      postcss: 8.4.23
      postcss-js: 4.0.1(postcss@8.4.23)
      postcss-simple-vars: 7.0.1(postcss@8.4.23)
      sugarss: 4.0.1(postcss@8.4.23)
    dev: false

  /postcss-nesting@10.2.0(postcss@8.4.23):
    resolution: {integrity: sha512-EwMkYchxiDiKUhlJGzWsD9b2zvq/r2SSubcRrgP+jujMXFzqvANLt16lJANC+5uZ6hjI7lpRmI6O8JIl+8l1KA==}
    engines: {node: ^12 || ^14 || >=16}
    peerDependencies:
      postcss: ^8.2
    dependencies:
      '@csstools/selector-specificity': 2.2.0(postcss-selector-parser@6.0.13)
      postcss: 8.4.23
      postcss-selector-parser: 6.0.13
    dev: false

  /postcss-selector-parser@6.0.13:
    resolution: {integrity: sha512-EaV1Gl4mUEV4ddhDnv/xtj7sxwrwxdetHdWUGnT4VJQf+4d05v6lHYZr8N573k5Z0BViss7BDhfWtKS3+sfAqQ==}
    engines: {node: '>=4'}
    dependencies:
      cssesc: 3.0.0
      util-deprecate: 1.0.2
    dev: false

  /postcss-simple-vars@7.0.1(postcss@8.4.23):
    resolution: {integrity: sha512-5GLLXaS8qmzHMOjVxqkk1TZPf1jMqesiI7qLhnlyERalG0sMbHIbJqrcnrpmZdKCLglHnRHoEBB61RtGTsj++A==}
    engines: {node: '>=14.0'}
    peerDependencies:
      postcss: ^8.2.1
    dependencies:
      postcss: 8.4.23
    dev: false

  /postcss-value-parser@4.2.0:
    resolution: {integrity: sha512-1NNCs6uurfkVbeXG4S8JFT9t19m45ICnif8zWLd5oPSZ50QnwMfK+H3jv408d4jw/7Bttv5axS5IiHoLaVNHeQ==}
    dev: false

  /postcss@8.4.23:
    resolution: {integrity: sha512-bQ3qMcpF6A/YjR55xtoTr0jGOlnPOKAIMdOWiv0EIT6HVPEaJiJB4NLljSbiHoC2RX7DN5Uvjtpbg1NPdwv1oA==}
    engines: {node: ^10 || ^12 || >=14}
    dependencies:
      nanoid: 3.3.6
      picocolors: 1.0.0
      source-map-js: 1.0.2

  /queue-microtask@1.2.3:
    resolution: {integrity: sha512-NuaNSa6flKT5JaSYQzJok04JzTL1CA6aGhv5rfLW3PgqA+M2ChpZQnAC8h8i4ZFkBS8X5RqkDBHA7r4hej3K9A==}
    dev: false

  /read-cache@1.0.0:
    resolution: {integrity: sha512-Owdv/Ft7IjOgm/i0xvNDZ1LrRANRfew4b2prF3OWMQLxLfu3bS8FVhCsrSCMK4lR56Y9ya+AThoTpDCTxCmpRA==}
    dependencies:
      pify: 2.3.0
    dev: false

  /resolve@1.22.2:
    resolution: {integrity: sha512-Sb+mjNHOULsBv818T40qSPeRiuWLyaGMa5ewydRLFimneixmVy2zdivRl+AF6jaYPC8ERxGDmFSiqui6SfPd+g==}
    hasBin: true
    dependencies:
      is-core-module: 2.12.1
      path-parse: 1.0.7
      supports-preserve-symlinks-flag: 1.0.0
    dev: false

  /reusify@1.0.4:
    resolution: {integrity: sha512-U9nH88a3fc/ekCF1l0/UP1IosiuIjyTh7hBvXVMHYgVcfGvt897Xguj2UOLDeI5BG2m7/uwyaLVT6fbtCwTyzw==}
    engines: {iojs: '>=1.0.0', node: '>=0.10.0'}
    dev: false

  /rollup@3.23.0:
    resolution: {integrity: sha512-h31UlwEi7FHihLe1zbk+3Q7z1k/84rb9BSwmBSr/XjOCEaBJ2YyedQDuM0t/kfOS0IxM+vk1/zI9XxYj9V+NJQ==}
    engines: {node: '>=14.18.0', npm: '>=8.0.0'}
    hasBin: true
    optionalDependencies:
      fsevents: 2.3.2
    dev: true

  /run-parallel@1.2.0:
    resolution: {integrity: sha512-5l4VyZR86LZ/lDxZTR6jqL8AFE2S0IFLMP26AbjsLVADxHdhB/c0GUsH+y39UfCi3dzz8OlQuPmnaJOMoDHQBA==}
    dependencies:
      queue-microtask: 1.2.3
    dev: false

  /semver@7.5.1:
    resolution: {integrity: sha512-Wvss5ivl8TMRZXXESstBA4uR5iXgEN/VC5/sOcuXdVLzcdkz4HWetIoRfG5gb5X+ij/G9rw9YoGn3QoQ8OCSpw==}
    engines: {node: '>=10'}
    hasBin: true
    dependencies:
      lru-cache: 6.0.0
    dev: true

  /source-map-js@1.0.2:
    resolution: {integrity: sha512-R0XvVJ9WusLiqTCEiGCmICCMplcCkIwwR11mOSD9CR5u+IXYdiseeEuXCVAjS54zqwkLcPNnmU4OeJ6tUrWhDw==}
    engines: {node: '>=0.10.0'}

  /source-map@0.6.1:
    resolution: {integrity: sha512-UjgapumWlbMhkBgzT7Ykc5YXUT46F0iKu8SGXq0bcwP5dz/h0Plj6enJqjz1Zbq2l5WaqYnrVbwWOWMyF3F47g==}
    engines: {node: '>=0.10.0'}

  /sourcemap-codec@1.4.8:
    resolution: {integrity: sha512-9NykojV5Uih4lgo5So5dtw+f0JgJX30KCNI8gwhz2J9A15wD0Ml6tjHKwf6fTSa6fAdVBdZeNOs9eJ71qCk8vA==}
    deprecated: Please use @jridgewell/sourcemap-codec instead

  /sugarss@4.0.1(postcss@8.4.23):
    resolution: {integrity: sha512-WCjS5NfuVJjkQzK10s8WOBY+hhDxxNt/N6ZaGwxFZ+wN3/lKKFSaaKUNecULcTTvE4urLcKaZFQD8vO0mOZujw==}
    engines: {node: '>=12.0'}
    peerDependencies:
      postcss: ^8.3.3
    dependencies:
      postcss: 8.4.23
    dev: false

  /supports-preserve-symlinks-flag@1.0.0:
    resolution: {integrity: sha512-ot0WnXS9fgdkgIcePe6RHNk1WA8+muPa6cSjeR3V8K27q9BB1rTE3R1p7Hv0z1ZyAc8s6Vvv8DIyWf681MAt0w==}
    engines: {node: '>= 0.4'}
    dev: false

  /to-fast-properties@2.0.0:
    resolution: {integrity: sha512-/OaKK0xYrs3DmxRYqL/yDc+FxFUVYhDlXMhRmv3z915w2HF1tnN1omB354j8VUGO/hbRzyD6Y3sA7v7GS/ceog==}
    engines: {node: '>=4'}

  /to-regex-range@5.0.1:
    resolution: {integrity: sha512-65P7iz6X5yEr1cwcgvQxbbIw7Uk3gOy5dIdtZ4rDveLqhrdJP+Li/Hx6tyK0NEb+2GCyneCMJiGqrADCSNk8sQ==}
    engines: {node: '>=8.0'}
    dependencies:
      is-number: 7.0.0
    dev: false

  /typescript@5.0.2:
    resolution: {integrity: sha512-wVORMBGO/FAs/++blGNeAVdbNKtIh1rbBL2EyQ1+J9lClJ93KiiKe8PmFIVdXhHcyv44SL9oglmfeSsndo0jRw==}
    engines: {node: '>=12.20'}
    hasBin: true
    dev: true

  /util-deprecate@1.0.2:
    resolution: {integrity: sha512-EPD5q1uXyFxJpCrLnCc1nHnq3gOa6DZBocAIiI2TaSCA7VCJ1UJDMagCzIkXNsUYfD1daK//LTEQ8xiIbrHtcw==}
    dev: false

  /vanilla-colorful@0.7.2:
    resolution: {integrity: sha512-z2YZusTFC6KnLERx1cgoIRX2CjPRP0W75N+3CC6gbvdX5Ch47rZkEMGO2Xnf+IEmi3RiFLxS18gayMA27iU7Kg==}
    dev: false

  /vite@4.3.2(@types/node@20.2.3):
    resolution: {integrity: sha512-9R53Mf+TBoXCYejcL+qFbZde+eZveQLDYd9XgULILLC1a5ZwPaqgmdVpL8/uvw2BM/1TzetWjglwm+3RO+xTyw==}
    engines: {node: ^14.18.0 || >=16.0.0}
    hasBin: true
    peerDependencies:
      '@types/node': '>= 14'
      less: '*'
      sass: '*'
      stylus: '*'
      sugarss: '*'
      terser: ^5.4.0
    peerDependenciesMeta:
      '@types/node':
        optional: true
      less:
        optional: true
      sass:
        optional: true
      stylus:
        optional: true
      sugarss:
        optional: true
      terser:
        optional: true
    dependencies:
      '@types/node': 20.2.3
      esbuild: 0.17.19
      postcss: 8.4.23
      rollup: 3.23.0
    optionalDependencies:
      fsevents: 2.3.2
    dev: true

  /vue-template-compiler@2.7.14:
    resolution: {integrity: sha512-zyA5Y3ArvVG0NacJDkkzJuPQDF8RFeRlzV2vLeSnhSpieO6LK2OVbdLPi5MPPs09Ii+gMO8nY4S3iKQxBxDmWQ==}
    dependencies:
      de-indent: 1.0.2
      he: 1.2.0
    dev: true

  /vue-tsc@1.4.2(typescript@5.0.2):
    resolution: {integrity: sha512-8VFjVekJuFtFG+N4rEimoR0OvNubhoTIMl2dlvbpyAD40LVPR1PN2SUc2qZPnWGGRsXZAVmFgiBHX0RB20HGyA==}
    hasBin: true
    peerDependencies:
      typescript: '*'
    dependencies:
      '@volar/vue-language-core': 1.4.2
      '@volar/vue-typescript': 1.4.2(typescript@5.0.2)
      semver: 7.5.1
      typescript: 5.0.2
    dev: true

  /vue@3.2.47:
    resolution: {integrity: sha512-60188y/9Dc9WVrAZeUVSDxRQOZ+z+y5nO2ts9jWXSTkMvayiWxCWOWtBQoYjLeccfXkiiPZWAHcV+WTPhkqJHQ==}
    dependencies:
      '@vue/compiler-dom': 3.2.47
      '@vue/compiler-sfc': 3.2.47
      '@vue/runtime-dom': 3.2.47
      '@vue/server-renderer': 3.2.47(vue@3.2.47)
      '@vue/shared': 3.2.47

  /yallist@4.0.0:
    resolution: {integrity: sha512-3wdGidZyq5PB084XLES5TpOSRA3wjXAlIWMhum2kRcv/41Sn2emQ0dycQW4uZXLejwKvg6EsvbdlVL+FYEct7A==}
    dev: true
